
Microsoft Visual Studio Solution File, Format Version 12.00
# Visual Studio Version 16
VisualStudioVersion = 16.0.29609.76
MinimumVisualStudioVersion = 10.0.40219.1
Project("{FAE04EC0-301F-11D3-BF4B-00C04F79EFBC}") = "sl.web", "sl.web\sl.web.csproj", "{78D04607-9460-4D75-92C4-017963104BF3}"
EndProject
Global
	GlobalSection(SolutionConfigurationPlatforms) = preSolution
		Debug|Any CPU = Debug|Any CPU
		Release|Any CPU = Release|Any CPU
	EndGlobalSection
	GlobalSection(ProjectConfigurationPlatforms) = postSolution
		{78D04607-9460-4D75-92C4-017963104BF3}.Debug|Any CPU.ActiveCfg = Debug|Any CPU
		{78D04607-9460-4D75-92C4-017963104BF3}.Debug|Any CPU.Build.0 = Debug|Any CPU
		{78D04607-9460-4D75-92C4-017963104BF3}.Release|Any CPU.ActiveCfg = Release|Any CPU
		{78D04607-9460-4D75-92C4-017963104BF3}.Release|Any CPU.Build.0 = Release|Any CPU
	EndGlobalSection
	GlobalSection(SolutionProperties) = preSolution
		HideSolutionNode = FALSE
	EndGlobalSection
	GlobalSection(ExtensibilityGlobals) = postSolution
		SolutionGuid = {E08EAD8F-C3BF-4807-8677-51E095E2FF2C}
	EndGlobalSection
EndGlobal
